// !$*UTF8*$!
{
	archiveVersion = 1;
	classes = {
	};
	objectVersion = 51;
	objects = {

/* Begin PBXBuildFile section */
		6EF13B22C0203DAD1AF53477 /* Pods_AnywhereFitness_AnywhereFitnessUITests.framework in Frameworks */ = {isa = PBXBuildFile; fileRef = CBA1605C75289AC8DBF3ABCF /* Pods_AnywhereFitness_AnywhereFitnessUITests.framework */; };
		857734F723C4F3D7000FABC3 /* AppDelegate.swift in Sources */ = {isa = PBXBuildFile; fileRef = 857734F623C4F3D7000FABC3 /* AppDelegate.swift */; };
		857734F923C4F3D7000FABC3 /* SceneDelegate.swift in Sources */ = {isa = PBXBuildFile; fileRef = 857734F823C4F3D7000FABC3 /* SceneDelegate.swift */; };
		857734FE23C4F3D7000FABC3 /* Main.storyboard in Resources */ = {isa = PBXBuildFile; fileRef = 857734FC23C4F3D7000FABC3 /* Main.storyboard */; };
		8577350123C4F3D7000FABC3 /* AnywhereFitness.xcdatamodeld in Sources */ = {isa = PBXBuildFile; fileRef = 857734FF23C4F3D7000FABC3 /* AnywhereFitness.xcdatamodeld */; };
		8577350323C4F3DA000FABC3 /* Assets.xcassets in Resources */ = {isa = PBXBuildFile; fileRef = 8577350223C4F3DA000FABC3 /* Assets.xcassets */; };
		8577350623C4F3DA000FABC3 /* LaunchScreen.storyboard in Resources */ = {isa = PBXBuildFile; fileRef = 8577350423C4F3DA000FABC3 /* LaunchScreen.storyboard */; };
		8577351123C4F3DA000FABC3 /* AnywhereFitnessTests.swift in Sources */ = {isa = PBXBuildFile; fileRef = 8577351023C4F3DA000FABC3 /* AnywhereFitnessTests.swift */; };
		8577351C23C4F3DA000FABC3 /* AnywhereFitnessUITests.swift in Sources */ = {isa = PBXBuildFile; fileRef = 8577351B23C4F3DA000FABC3 /* AnywhereFitnessUITests.swift */; };
		8577352E23C4FCBF000FABC3 /* IntroScreenViewController.swift in Sources */ = {isa = PBXBuildFile; fileRef = 8577352D23C4FCBE000FABC3 /* IntroScreenViewController.swift */; };
		8577354323C5017D000FABC3 /* Raleway-Light.ttf in Resources */ = {isa = PBXBuildFile; fileRef = 8577353123C5017C000FABC3 /* Raleway-Light.ttf */; };
		8577354523C5017D000FABC3 /* Raleway-Regular.ttf in Resources */ = {isa = PBXBuildFile; fileRef = 8577353323C5017C000FABC3 /* Raleway-Regular.ttf */; };
		8577354723C5017D000FABC3 /* Raleway-Medium.ttf in Resources */ = {isa = PBXBuildFile; fileRef = 8577353523C5017C000FABC3 /* Raleway-Medium.ttf */; };
		8577354B23C5017D000FABC3 /* Raleway-SemiBold.ttf in Resources */ = {isa = PBXBuildFile; fileRef = 8577353923C5017C000FABC3 /* Raleway-SemiBold.ttf */; };
		8577354F23C5017D000FABC3 /* Raleway-Bold.ttf in Resources */ = {isa = PBXBuildFile; fileRef = 8577353D23C5017D000FABC3 /* Raleway-Bold.ttf */; };
		8577355523C512BD000FABC3 /* ClientSignUpViewController.swift in Sources */ = {isa = PBXBuildFile; fileRef = 8577355423C512BD000FABC3 /* ClientSignUpViewController.swift */; };
		8577355723C512CE000FABC3 /* InstructorSignUpViewController.swift in Sources */ = {isa = PBXBuildFile; fileRef = 8577355623C512CE000FABC3 /* InstructorSignUpViewController.swift */; };
		8577355923C51EC6000FABC3 /* InstructorStartViewController.swift in Sources */ = {isa = PBXBuildFile; fileRef = 8577355823C51EC6000FABC3 /* InstructorStartViewController.swift */; };
		8577355C23C58506000FABC3 /* CreateClassViewController.swift in Sources */ = {isa = PBXBuildFile; fileRef = 8577355B23C58505000FABC3 /* CreateClassViewController.swift */; };
		8577355E23C58549000FABC3 /* ManageClassesViewController.swift in Sources */ = {isa = PBXBuildFile; fileRef = 8577355D23C58549000FABC3 /* ManageClassesViewController.swift */; };
		8577356023C5AE8B000FABC3 /* CreateClassTwoViewController.swift in Sources */ = {isa = PBXBuildFile; fileRef = 8577355F23C5AE8B000FABC3 /* CreateClassTwoViewController.swift */; };
		8577356223C5B31A000FABC3 /* CreateClassThreeViewController.swift in Sources */ = {isa = PBXBuildFile; fileRef = 8577356123C5B31A000FABC3 /* CreateClassThreeViewController.swift */; };
		9030215A10A4851E95B3516C /* Pods_AnywhereFitnessTests.framework in Frameworks */ = {isa = PBXBuildFile; fileRef = EF2495655C6BCE1A095F8635 /* Pods_AnywhereFitnessTests.framework */; };
		C6844540EE48A320DD59757A /* Pods_AnywhereFitness.framework in Frameworks */ = {isa = PBXBuildFile; fileRef = 461EDEFF71926266856CF6A9 /* Pods_AnywhereFitness.framework */; };
/* End PBXBuildFile section */

/* Begin PBXContainerItemProxy section */
		8577350D23C4F3DA000FABC3 /* PBXContainerItemProxy */ = {
			isa = PBXContainerItemProxy;
			containerPortal = 857734EB23C4F3D7000FABC3 /* Project object */;
			proxyType = 1;
			remoteGlobalIDString = 857734F223C4F3D7000FABC3;
			remoteInfo = AnywhereFitness;
		};
		8577351823C4F3DA000FABC3 /* PBXContainerItemProxy */ = {
			isa = PBXContainerItemProxy;
			containerPortal = 857734EB23C4F3D7000FABC3 /* Project object */;
			proxyType = 1;
			remoteGlobalIDString = 857734F223C4F3D7000FABC3;
			remoteInfo = AnywhereFitness;
		};
/* End PBXContainerItemProxy section */

/* Begin PBXFileReference section */
		0F45596531DE0540BDAA3002 /* Pods-AnywhereFitnessTests.debug.xcconfig */ = {isa = PBXFileReference; includeInIndex = 1; lastKnownFileType = text.xcconfig; name = "Pods-AnywhereFitnessTests.debug.xcconfig"; path = "Target Support Files/Pods-AnywhereFitnessTests/Pods-AnywhereFitnessTests.debug.xcconfig"; sourceTree = "<group>"; };
		2B054F616F914950DB58BEA4 /* Pods-AnywhereFitness-AnywhereFitnessUITests.debug.xcconfig */ = {isa = PBXFileReference; includeInIndex = 1; lastKnownFileType = text.xcconfig; name = "Pods-AnywhereFitness-AnywhereFitnessUITests.debug.xcconfig"; path = "Target Support Files/Pods-AnywhereFitness-AnywhereFitnessUITests/Pods-AnywhereFitness-AnywhereFitnessUITests.debug.xcconfig"; sourceTree = "<group>"; };
		461EDEFF71926266856CF6A9 /* Pods_AnywhereFitness.framework */ = {isa = PBXFileReference; explicitFileType = wrapper.framework; includeInIndex = 0; path = Pods_AnywhereFitness.framework; sourceTree = BUILT_PRODUCTS_DIR; };
		47482ACC72FA4CD1A13A0C3C /* Pods-AnywhereFitnessTests.release.xcconfig */ = {isa = PBXFileReference; includeInIndex = 1; lastKnownFileType = text.xcconfig; name = "Pods-AnywhereFitnessTests.release.xcconfig"; path = "Target Support Files/Pods-AnywhereFitnessTests/Pods-AnywhereFitnessTests.release.xcconfig"; sourceTree = "<group>"; };
		7B5EE7E5B2130D38DB9CB973 /* Pods-AnywhereFitness.debug.xcconfig */ = {isa = PBXFileReference; includeInIndex = 1; lastKnownFileType = text.xcconfig; name = "Pods-AnywhereFitness.debug.xcconfig"; path = "Target Support Files/Pods-AnywhereFitness/Pods-AnywhereFitness.debug.xcconfig"; sourceTree = "<group>"; };
		857734F323C4F3D7000FABC3 /* AnywhereFitness.app */ = {isa = PBXFileReference; explicitFileType = wrapper.application; includeInIndex = 0; path = AnywhereFitness.app; sourceTree = BUILT_PRODUCTS_DIR; };
		857734F623C4F3D7000FABC3 /* AppDelegate.swift */ = {isa = PBXFileReference; lastKnownFileType = sourcecode.swift; path = AppDelegate.swift; sourceTree = "<group>"; };
		857734F823C4F3D7000FABC3 /* SceneDelegate.swift */ = {isa = PBXFileReference; lastKnownFileType = sourcecode.swift; path = SceneDelegate.swift; sourceTree = "<group>"; };
		857734FD23C4F3D7000FABC3 /* Base */ = {isa = PBXFileReference; lastKnownFileType = file.storyboard; name = Base; path = Base.lproj/Main.storyboard; sourceTree = "<group>"; };
		8577350023C4F3D7000FABC3 /* AnywhereFitness.xcdatamodel */ = {isa = PBXFileReference; lastKnownFileType = wrapper.xcdatamodel; path = AnywhereFitness.xcdatamodel; sourceTree = "<group>"; };
		8577350223C4F3DA000FABC3 /* Assets.xcassets */ = {isa = PBXFileReference; lastKnownFileType = folder.assetcatalog; path = Assets.xcassets; sourceTree = "<group>"; };
		8577350523C4F3DA000FABC3 /* Base */ = {isa = PBXFileReference; lastKnownFileType = file.storyboard; name = Base; path = Base.lproj/LaunchScreen.storyboard; sourceTree = "<group>"; };
		8577350723C4F3DA000FABC3 /* Info.plist */ = {isa = PBXFileReference; lastKnownFileType = text.plist.xml; path = Info.plist; sourceTree = "<group>"; };
		8577350C23C4F3DA000FABC3 /* AnywhereFitnessTests.xctest */ = {isa = PBXFileReference; explicitFileType = wrapper.cfbundle; includeInIndex = 0; path = AnywhereFitnessTests.xctest; sourceTree = BUILT_PRODUCTS_DIR; };
		8577351023C4F3DA000FABC3 /* AnywhereFitnessTests.swift */ = {isa = PBXFileReference; lastKnownFileType = sourcecode.swift; path = AnywhereFitnessTests.swift; sourceTree = "<group>"; };
		8577351223C4F3DA000FABC3 /* Info.plist */ = {isa = PBXFileReference; lastKnownFileType = text.plist.xml; path = Info.plist; sourceTree = "<group>"; };
		8577351723C4F3DA000FABC3 /* AnywhereFitnessUITests.xctest */ = {isa = PBXFileReference; explicitFileType = wrapper.cfbundle; includeInIndex = 0; path = AnywhereFitnessUITests.xctest; sourceTree = BUILT_PRODUCTS_DIR; };
		8577351B23C4F3DA000FABC3 /* AnywhereFitnessUITests.swift */ = {isa = PBXFileReference; lastKnownFileType = sourcecode.swift; path = AnywhereFitnessUITests.swift; sourceTree = "<group>"; };
		8577351D23C4F3DA000FABC3 /* Info.plist */ = {isa = PBXFileReference; lastKnownFileType = text.plist.xml; path = Info.plist; sourceTree = "<group>"; };
		8577352D23C4FCBE000FABC3 /* IntroScreenViewController.swift */ = {isa = PBXFileReference; lastKnownFileType = sourcecode.swift; path = IntroScreenViewController.swift; sourceTree = "<group>"; };
		8577353123C5017C000FABC3 /* Raleway-Light.ttf */ = {isa = PBXFileReference; lastKnownFileType = file; path = "Raleway-Light.ttf"; sourceTree = "<group>"; };
		8577353323C5017C000FABC3 /* Raleway-Regular.ttf */ = {isa = PBXFileReference; lastKnownFileType = file; path = "Raleway-Regular.ttf"; sourceTree = "<group>"; };
		8577353523C5017C000FABC3 /* Raleway-Medium.ttf */ = {isa = PBXFileReference; lastKnownFileType = file; path = "Raleway-Medium.ttf"; sourceTree = "<group>"; };
		8577353923C5017C000FABC3 /* Raleway-SemiBold.ttf */ = {isa = PBXFileReference; lastKnownFileType = file; path = "Raleway-SemiBold.ttf"; sourceTree = "<group>"; };
		8577353D23C5017D000FABC3 /* Raleway-Bold.ttf */ = {isa = PBXFileReference; lastKnownFileType = file; path = "Raleway-Bold.ttf"; sourceTree = "<group>"; };
		8577355423C512BD000FABC3 /* ClientSignUpViewController.swift */ = {isa = PBXFileReference; lastKnownFileType = sourcecode.swift; path = ClientSignUpViewController.swift; sourceTree = "<group>"; };
		8577355623C512CE000FABC3 /* InstructorSignUpViewController.swift */ = {isa = PBXFileReference; lastKnownFileType = sourcecode.swift; path = InstructorSignUpViewController.swift; sourceTree = "<group>"; };
		8577355823C51EC6000FABC3 /* InstructorStartViewController.swift */ = {isa = PBXFileReference; lastKnownFileType = sourcecode.swift; path = InstructorStartViewController.swift; sourceTree = "<group>"; };
		8577355B23C58505000FABC3 /* CreateClassViewController.swift */ = {isa = PBXFileReference; lastKnownFileType = sourcecode.swift; path = CreateClassViewController.swift; sourceTree = "<group>"; };
		8577355D23C58549000FABC3 /* ManageClassesViewController.swift */ = {isa = PBXFileReference; lastKnownFileType = sourcecode.swift; path = ManageClassesViewController.swift; sourceTree = "<group>"; };
		8577355F23C5AE8B000FABC3 /* CreateClassTwoViewController.swift */ = {isa = PBXFileReference; lastKnownFileType = sourcecode.swift; path = CreateClassTwoViewController.swift; sourceTree = "<group>"; };
		8577356123C5B31A000FABC3 /* CreateClassThreeViewController.swift */ = {isa = PBXFileReference; lastKnownFileType = sourcecode.swift; path = CreateClassThreeViewController.swift; sourceTree = "<group>"; };
		8A79E13AFD04A7556E76BE75 /* Pods-AnywhereFitness.release.xcconfig */ = {isa = PBXFileReference; includeInIndex = 1; lastKnownFileType = text.xcconfig; name = "Pods-AnywhereFitness.release.xcconfig"; path = "Target Support Files/Pods-AnywhereFitness/Pods-AnywhereFitness.release.xcconfig"; sourceTree = "<group>"; };
		CBA1605C75289AC8DBF3ABCF /* Pods_AnywhereFitness_AnywhereFitnessUITests.framework */ = {isa = PBXFileReference; explicitFileType = wrapper.framework; includeInIndex = 0; path = Pods_AnywhereFitness_AnywhereFitnessUITests.framework; sourceTree = BUILT_PRODUCTS_DIR; };
		CC4D965CDA59AD6E088CFE1C /* Pods-AnywhereFitness-AnywhereFitnessUITests.release.xcconfig */ = {isa = PBXFileReference; includeInIndex = 1; lastKnownFileType = text.xcconfig; name = "Pods-AnywhereFitness-AnywhereFitnessUITests.release.xcconfig"; path = "Target Support Files/Pods-AnywhereFitness-AnywhereFitnessUITests/Pods-AnywhereFitness-AnywhereFitnessUITests.release.xcconfig"; sourceTree = "<group>"; };
		EF2495655C6BCE1A095F8635 /* Pods_AnywhereFitnessTests.framework */ = {isa = PBXFileReference; explicitFileType = wrapper.framework; includeInIndex = 0; path = Pods_AnywhereFitnessTests.framework; sourceTree = BUILT_PRODUCTS_DIR; };
/* End PBXFileReference section */

/* Begin PBXFrameworksBuildPhase section */
		857734F023C4F3D7000FABC3 /* Frameworks */ = {
			isa = PBXFrameworksBuildPhase;
			buildActionMask = 2147483647;
			files = (
				C6844540EE48A320DD59757A /* Pods_AnywhereFitness.framework in Frameworks */,
			);
			runOnlyForDeploymentPostprocessing = 0;
		};
		8577350923C4F3DA000FABC3 /* Frameworks */ = {
			isa = PBXFrameworksBuildPhase;
			buildActionMask = 2147483647;
			files = (
				9030215A10A4851E95B3516C /* Pods_AnywhereFitnessTests.framework in Frameworks */,
			);
			runOnlyForDeploymentPostprocessing = 0;
		};
		8577351423C4F3DA000FABC3 /* Frameworks */ = {
			isa = PBXFrameworksBuildPhase;
			buildActionMask = 2147483647;
			files = (
				6EF13B22C0203DAD1AF53477 /* Pods_AnywhereFitness_AnywhereFitnessUITests.framework in Frameworks */,
			);
			runOnlyForDeploymentPostprocessing = 0;
		};
/* End PBXFrameworksBuildPhase section */

/* Begin PBXGroup section */
		3DB5A81977056F911E4E3187 /* Pods */ = {
			isa = PBXGroup;
			children = (
				7B5EE7E5B2130D38DB9CB973 /* Pods-AnywhereFitness.debug.xcconfig */,
				8A79E13AFD04A7556E76BE75 /* Pods-AnywhereFitness.release.xcconfig */,
				2B054F616F914950DB58BEA4 /* Pods-AnywhereFitness-AnywhereFitnessUITests.debug.xcconfig */,
				CC4D965CDA59AD6E088CFE1C /* Pods-AnywhereFitness-AnywhereFitnessUITests.release.xcconfig */,
				0F45596531DE0540BDAA3002 /* Pods-AnywhereFitnessTests.debug.xcconfig */,
				47482ACC72FA4CD1A13A0C3C /* Pods-AnywhereFitnessTests.release.xcconfig */,
			);
			path = Pods;
			sourceTree = "<group>";
		};
		857734EA23C4F3D7000FABC3 = {
			isa = PBXGroup;
			children = (
				857734F523C4F3D7000FABC3 /* AnywhereFitness */,
				8577350F23C4F3DA000FABC3 /* AnywhereFitnessTests */,
				8577351A23C4F3DA000FABC3 /* AnywhereFitnessUITests */,
				857734F423C4F3D7000FABC3 /* Products */,
				3DB5A81977056F911E4E3187 /* Pods */,
				D8FCE80AFC7AF92E68F24493 /* Frameworks */,
			);
			sourceTree = "<group>";
		};
		857734F423C4F3D7000FABC3 /* Products */ = {
			isa = PBXGroup;
			children = (
				857734F323C4F3D7000FABC3 /* AnywhereFitness.app */,
				8577350C23C4F3DA000FABC3 /* AnywhereFitnessTests.xctest */,
				8577351723C4F3DA000FABC3 /* AnywhereFitnessUITests.xctest */,
			);
			name = Products;
			sourceTree = "<group>";
		};
		857734F523C4F3D7000FABC3 /* AnywhereFitness */ = {
			isa = PBXGroup;
			children = (
				8577352A23C4F40C000FABC3 /* Resources */,
				8577350723C4F3DA000FABC3 /* Info.plist */,
				8577352C23C4F451000FABC3 /* Models */,
				8577352923C4F401000FABC3 /* Views */,
				8577352B23C4F419000FABC3 /* View Controllers */,
			);
			path = AnywhereFitness;
			sourceTree = "<group>";
		};
		8577350F23C4F3DA000FABC3 /* AnywhereFitnessTests */ = {
			isa = PBXGroup;
			children = (
				8577351023C4F3DA000FABC3 /* AnywhereFitnessTests.swift */,
				8577351223C4F3DA000FABC3 /* Info.plist */,
			);
			path = AnywhereFitnessTests;
			sourceTree = "<group>";
		};
		8577351A23C4F3DA000FABC3 /* AnywhereFitnessUITests */ = {
			isa = PBXGroup;
			children = (
				8577351B23C4F3DA000FABC3 /* AnywhereFitnessUITests.swift */,
				8577351D23C4F3DA000FABC3 /* Info.plist */,
			);
			path = AnywhereFitnessUITests;
			sourceTree = "<group>";
		};
		8577352923C4F401000FABC3 /* Views */ = {
			isa = PBXGroup;
			children = (
				857734FC23C4F3D7000FABC3 /* Main.storyboard */,
				8577350223C4F3DA000FABC3 /* Assets.xcassets */,
				8577350423C4F3DA000FABC3 /* LaunchScreen.storyboard */,
			);
			path = Views;
			sourceTree = "<group>";
		};
		8577352A23C4F40C000FABC3 /* Resources */ = {
			isa = PBXGroup;
			children = (
				8577352F23C5015B000FABC3 /* Fonts */,
				857734F623C4F3D7000FABC3 /* AppDelegate.swift */,
				857734F823C4F3D7000FABC3 /* SceneDelegate.swift */,
			);
			path = Resources;
			sourceTree = "<group>";
		};
		8577352B23C4F419000FABC3 /* View Controllers */ = {
			isa = PBXGroup;
			children = (
				8577352D23C4FCBE000FABC3 /* IntroScreenViewController.swift */,
				8577355423C512BD000FABC3 /* ClientSignUpViewController.swift */,
				8577355A23C51ECE000FABC3 /* Instructors */,
			);
			path = "View Controllers";
			sourceTree = "<group>";
		};
		8577352C23C4F451000FABC3 /* Models */ = {
			isa = PBXGroup;
			children = (
				857734FF23C4F3D7000FABC3 /* AnywhereFitness.xcdatamodeld */,
			);
			path = Models;
			sourceTree = "<group>";
		};
		8577352F23C5015B000FABC3 /* Fonts */ = {
			isa = PBXGroup;
			children = (
				8577353D23C5017D000FABC3 /* Raleway-Bold.ttf */,
				8577353123C5017C000FABC3 /* Raleway-Light.ttf */,
				8577353523C5017C000FABC3 /* Raleway-Medium.ttf */,
				8577353323C5017C000FABC3 /* Raleway-Regular.ttf */,
				8577353923C5017C000FABC3 /* Raleway-SemiBold.ttf */,
			);
			path = Fonts;
			sourceTree = "<group>";
		};
		8577355A23C51ECE000FABC3 /* Instructors */ = {
			isa = PBXGroup;
			children = (
				8577355623C512CE000FABC3 /* InstructorSignUpViewController.swift */,
				8577355823C51EC6000FABC3 /* InstructorStartViewController.swift */,
				8577356323C5B327000FABC3 /* Create A Class VCs */,
				8577355D23C58549000FABC3 /* ManageClassesViewController.swift */,
			);
			path = Instructors;
			sourceTree = "<group>";
		};
		8577356323C5B327000FABC3 /* Create A Class VCs */ = {
			isa = PBXGroup;
			children = (
				8577355B23C58505000FABC3 /* CreateClassViewController.swift */,
				8577355F23C5AE8B000FABC3 /* CreateClassTwoViewController.swift */,
				8577356123C5B31A000FABC3 /* CreateClassThreeViewController.swift */,
			);
			path = "Create A Class VCs";
			sourceTree = "<group>";
		};
		D8FCE80AFC7AF92E68F24493 /* Frameworks */ = {
			isa = PBXGroup;
			children = (
				461EDEFF71926266856CF6A9 /* Pods_AnywhereFitness.framework */,
				CBA1605C75289AC8DBF3ABCF /* Pods_AnywhereFitness_AnywhereFitnessUITests.framework */,
				EF2495655C6BCE1A095F8635 /* Pods_AnywhereFitnessTests.framework */,
			);
			name = Frameworks;
			sourceTree = "<group>";
		};
/* End PBXGroup section */

/* Begin PBXNativeTarget section */
		857734F223C4F3D7000FABC3 /* AnywhereFitness */ = {
			isa = PBXNativeTarget;
			buildConfigurationList = 8577352023C4F3DA000FABC3 /* Build configuration list for PBXNativeTarget "AnywhereFitness" */;
			buildPhases = (
				7EB0C2DD815D2C4616CD677C /* [CP] Check Pods Manifest.lock */,
				857734EF23C4F3D7000FABC3 /* Sources */,
				857734F023C4F3D7000FABC3 /* Frameworks */,
				857734F123C4F3D7000FABC3 /* Resources */,
				1061A638018BAD33449EA7A7 /* [CP] Embed Pods Frameworks */,
			);
			buildRules = (
			);
			dependencies = (
			);
			name = AnywhereFitness;
			productName = AnywhereFitness;
			productReference = 857734F323C4F3D7000FABC3 /* AnywhereFitness.app */;
			productType = "com.apple.product-type.application";
		};
		8577350B23C4F3DA000FABC3 /* AnywhereFitnessTests */ = {
			isa = PBXNativeTarget;
			buildConfigurationList = 8577352323C4F3DA000FABC3 /* Build configuration list for PBXNativeTarget "AnywhereFitnessTests" */;
			buildPhases = (
				0A72BC5187A8B24A46845A35 /* [CP] Check Pods Manifest.lock */,
				8577350823C4F3DA000FABC3 /* Sources */,
				8577350923C4F3DA000FABC3 /* Frameworks */,
				8577350A23C4F3DA000FABC3 /* Resources */,
			);
			buildRules = (
			);
			dependencies = (
				8577350E23C4F3DA000FABC3 /* PBXTargetDependency */,
			);
			name = AnywhereFitnessTests;
			productName = AnywhereFitnessTests;
			productReference = 8577350C23C4F3DA000FABC3 /* AnywhereFitnessTests.xctest */;
			productType = "com.apple.product-type.bundle.unit-test";
		};
		8577351623C4F3DA000FABC3 /* AnywhereFitnessUITests */ = {
			isa = PBXNativeTarget;
			buildConfigurationList = 8577352623C4F3DA000FABC3 /* Build configuration list for PBXNativeTarget "AnywhereFitnessUITests" */;
			buildPhases = (
				A311561CDF5E1735D03B5F11 /* [CP] Check Pods Manifest.lock */,
				8577351323C4F3DA000FABC3 /* Sources */,
				8577351423C4F3DA000FABC3 /* Frameworks */,
				8577351523C4F3DA000FABC3 /* Resources */,
				9FF10968F9FACD50F917FE1F /* [CP] Embed Pods Frameworks */,
			);
			buildRules = (
			);
			dependencies = (
				8577351923C4F3DA000FABC3 /* PBXTargetDependency */,
			);
			name = AnywhereFitnessUITests;
			productName = AnywhereFitnessUITests;
			productReference = 8577351723C4F3DA000FABC3 /* AnywhereFitnessUITests.xctest */;
			productType = "com.apple.product-type.bundle.ui-testing";
		};
/* End PBXNativeTarget section */

/* Begin PBXProject section */
		857734EB23C4F3D7000FABC3 /* Project object */ = {
			isa = PBXProject;
			attributes = {
				LastSwiftUpdateCheck = 1130;
				LastUpgradeCheck = 1130;
				ORGANIZATIONNAME = "Brandi Bailey";
				TargetAttributes = {
					857734F223C4F3D7000FABC3 = {
						CreatedOnToolsVersion = 11.3;
					};
					8577350B23C4F3DA000FABC3 = {
						CreatedOnToolsVersion = 11.3;
						TestTargetID = 857734F223C4F3D7000FABC3;
					};
					8577351623C4F3DA000FABC3 = {
						CreatedOnToolsVersion = 11.3;
						TestTargetID = 857734F223C4F3D7000FABC3;
					};
				};
			};
			buildConfigurationList = 857734EE23C4F3D7000FABC3 /* Build configuration list for PBXProject "AnywhereFitness" */;
			compatibilityVersion = "Xcode 9.3";
			developmentRegion = en;
			hasScannedForEncodings = 0;
			knownRegions = (
				en,
				Base,
			);
			mainGroup = 857734EA23C4F3D7000FABC3;
			productRefGroup = 857734F423C4F3D7000FABC3 /* Products */;
			projectDirPath = "";
			projectRoot = "";
			targets = (
				857734F223C4F3D7000FABC3 /* AnywhereFitness */,
				8577350B23C4F3DA000FABC3 /* AnywhereFitnessTests */,
				8577351623C4F3DA000FABC3 /* AnywhereFitnessUITests */,
			);
		};
/* End PBXProject section */

/* Begin PBXResourcesBuildPhase section */
		857734F123C4F3D7000FABC3 /* Resources */ = {
			isa = PBXResourcesBuildPhase;
			buildActionMask = 2147483647;
			files = (
				8577354323C5017D000FABC3 /* Raleway-Light.ttf in Resources */,
				8577350623C4F3DA000FABC3 /* LaunchScreen.storyboard in Resources */,
				8577354723C5017D000FABC3 /* Raleway-Medium.ttf in Resources */,
				8577354523C5017D000FABC3 /* Raleway-Regular.ttf in Resources */,
				8577354B23C5017D000FABC3 /* Raleway-SemiBold.ttf in Resources */,
				8577354F23C5017D000FABC3 /* Raleway-Bold.ttf in Resources */,
				8577350323C4F3DA000FABC3 /* Assets.xcassets in Resources */,
				857734FE23C4F3D7000FABC3 /* Main.storyboard in Resources */,
			);
			runOnlyForDeploymentPostprocessing = 0;
		};
		8577350A23C4F3DA000FABC3 /* Resources */ = {
			isa = PBXResourcesBuildPhase;
			buildActionMask = 2147483647;
			files = (
			);
			runOnlyForDeploymentPostprocessing = 0;
		};
		8577351523C4F3DA000FABC3 /* Resources */ = {
			isa = PBXResourcesBuildPhase;
			buildActionMask = 2147483647;
			files = (
			);
			runOnlyForDeploymentPostprocessing = 0;
		};
/* End PBXResourcesBuildPhase section */

/* Begin PBXShellScriptBuildPhase section */
		0A72BC5187A8B24A46845A35 /* [CP] Check Pods Manifest.lock */ = {
			isa = PBXShellScriptBuildPhase;
			buildActionMask = 2147483647;
			files = (
			);
			inputFileListPaths = (
			);
			inputPaths = (
				"${PODS_PODFILE_DIR_PATH}/Podfile.lock",
				"${PODS_ROOT}/Manifest.lock",
			);
			name = "[CP] Check Pods Manifest.lock";
			outputFileListPaths = (
			);
			outputPaths = (
				"$(DERIVED_FILE_DIR)/Pods-AnywhereFitnessTests-checkManifestLockResult.txt",
			);
			runOnlyForDeploymentPostprocessing = 0;
			shellPath = /bin/sh;
			shellScript = "diff \"${PODS_PODFILE_DIR_PATH}/Podfile.lock\" \"${PODS_ROOT}/Manifest.lock\" > /dev/null\nif [ $? != 0 ] ; then\n    # print error to STDERR\n    echo \"error: The sandbox is not in sync with the Podfile.lock. Run 'pod install' or update your CocoaPods installation.\" >&2\n    exit 1\nfi\n# This output is used by Xcode 'outputs' to avoid re-running this script phase.\necho \"SUCCESS\" > \"${SCRIPT_OUTPUT_FILE_0}\"\n";
			showEnvVarsInLog = 0;
		};
		1061A638018BAD33449EA7A7 /* [CP] Embed Pods Frameworks */ = {
			isa = PBXShellScriptBuildPhase;
			buildActionMask = 2147483647;
			files = (
			);
			inputFileListPaths = (
				"${PODS_ROOT}/Target Support Files/Pods-AnywhereFitness/Pods-AnywhereFitness-frameworks-${CONFIGURATION}-input-files.xcfilelist",
			);
			name = "[CP] Embed Pods Frameworks";
			outputFileListPaths = (
				"${PODS_ROOT}/Target Support Files/Pods-AnywhereFitness/Pods-AnywhereFitness-frameworks-${CONFIGURATION}-output-files.xcfilelist",
			);
			runOnlyForDeploymentPostprocessing = 0;
			shellPath = /bin/sh;
			shellScript = "\"${PODS_ROOT}/Target Support Files/Pods-AnywhereFitness/Pods-AnywhereFitness-frameworks.sh\"\n";
			showEnvVarsInLog = 0;
		};
		7EB0C2DD815D2C4616CD677C /* [CP] Check Pods Manifest.lock */ = {
			isa = PBXShellScriptBuildPhase;
			buildActionMask = 2147483647;
			files = (
			);
			inputFileListPaths = (
			);
			inputPaths = (
				"${PODS_PODFILE_DIR_PATH}/Podfile.lock",
				"${PODS_ROOT}/Manifest.lock",
			);
			name = "[CP] Check Pods Manifest.lock";
			outputFileListPaths = (
			);
			outputPaths = (
				"$(DERIVED_FILE_DIR)/Pods-AnywhereFitness-checkManifestLockResult.txt",
			);
			runOnlyForDeploymentPostprocessing = 0;
			shellPath = /bin/sh;
			shellScript = "diff \"${PODS_PODFILE_DIR_PATH}/Podfile.lock\" \"${PODS_ROOT}/Manifest.lock\" > /dev/null\nif [ $? != 0 ] ; then\n    # print error to STDERR\n    echo \"error: The sandbox is not in sync with the Podfile.lock. Run 'pod install' or update your CocoaPods installation.\" >&2\n    exit 1\nfi\n# This output is used by Xcode 'outputs' to avoid re-running this script phase.\necho \"SUCCESS\" > \"${SCRIPT_OUTPUT_FILE_0}\"\n";
			showEnvVarsInLog = 0;
		};
		9FF10968F9FACD50F917FE1F /* [CP] Embed Pods Frameworks */ = {
			isa = PBXShellScriptBuildPhase;
			buildActionMask = 2147483647;
			files = (
			);
			inputFileListPaths = (
				"${PODS_ROOT}/Target Support Files/Pods-AnywhereFitness-AnywhereFitnessUITests/Pods-AnywhereFitness-AnywhereFitnessUITests-frameworks-${CONFIGURATION}-input-files.xcfilelist",
			);
			name = "[CP] Embed Pods Frameworks";
			outputFileListPaths = (
				"${PODS_ROOT}/Target Support Files/Pods-AnywhereFitness-AnywhereFitnessUITests/Pods-AnywhereFitness-AnywhereFitnessUITests-frameworks-${CONFIGURATION}-output-files.xcfilelist",
			);
			runOnlyForDeploymentPostprocessing = 0;
			shellPath = /bin/sh;
			shellScript = "\"${PODS_ROOT}/Target Support Files/Pods-AnywhereFitness-AnywhereFitnessUITests/Pods-AnywhereFitness-AnywhereFitnessUITests-frameworks.sh\"\n";
			showEnvVarsInLog = 0;
		};
		A311561CDF5E1735D03B5F11 /* [CP] Check Pods Manifest.lock */ = {
			isa = PBXShellScriptBuildPhase;
			buildActionMask = 2147483647;
			files = (
			);
			inputFileListPaths = (
			);
			inputPaths = (
				"${PODS_PODFILE_DIR_PATH}/Podfile.lock",
				"${PODS_ROOT}/Manifest.lock",
			);
			name = "[CP] Check Pods Manifest.lock";
			outputFileListPaths = (
			);
			outputPaths = (
				"$(DERIVED_FILE_DIR)/Pods-AnywhereFitness-AnywhereFitnessUITests-checkManifestLockResult.txt",
			);
			runOnlyForDeploymentPostprocessing = 0;
			shellPath = /bin/sh;
			shellScript = "diff \"${PODS_PODFILE_DIR_PATH}/Podfile.lock\" \"${PODS_ROOT}/Manifest.lock\" > /dev/null\nif [ $? != 0 ] ; then\n    # print error to STDERR\n    echo \"error: The sandbox is not in sync with the Podfile.lock. Run 'pod install' or update your CocoaPods installation.\" >&2\n    exit 1\nfi\n# This output is used by Xcode 'outputs' to avoid re-running this script phase.\necho \"SUCCESS\" > \"${SCRIPT_OUTPUT_FILE_0}\"\n";
			showEnvVarsInLog = 0;
		};
/* End PBXShellScriptBuildPhase section */

/* Begin PBXSourcesBuildPhase section */
		857734EF23C4F3D7000FABC3 /* Sources */ = {
			isa = PBXSourcesBuildPhase;
			buildActionMask = 2147483647;
			files = (
				857734F723C4F3D7000FABC3 /* AppDelegate.swift in Sources */,
				8577355723C512CE000FABC3 /* InstructorSignUpViewController.swift in Sources */,
				8577352E23C4FCBF000FABC3 /* IntroScreenViewController.swift in Sources */,
				8577355C23C58506000FABC3 /* CreateClassViewController.swift in Sources */,
				8577356023C5AE8B000FABC3 /* CreateClassTwoViewController.swift in Sources */,
				857734F923C4F3D7000FABC3 /* SceneDelegate.swift in Sources */,
				8577355523C512BD000FABC3 /* ClientSignUpViewController.swift in Sources */,
				8577356223C5B31A000FABC3 /* CreateClassThreeViewController.swift in Sources */,
				8577355E23C58549000FABC3 /* ManageClassesViewController.swift in Sources */,
				8577355923C51EC6000FABC3 /* InstructorStartViewController.swift in Sources */,
				8577350123C4F3D7000FABC3 /* AnywhereFitness.xcdatamodeld in Sources */,
			);
			runOnlyForDeploymentPostprocessing = 0;
		};
		8577350823C4F3DA000FABC3 /* Sources */ = {
			isa = PBXSourcesBuildPhase;
			buildActionMask = 2147483647;
			files = (
				8577351123C4F3DA000FABC3 /* AnywhereFitnessTests.swift in Sources */,
			);
			runOnlyForDeploymentPostprocessing = 0;
		};
		8577351323C4F3DA000FABC3 /* Sources */ = {
			isa = PBXSourcesBuildPhase;
			buildActionMask = 2147483647;
			files = (
				8577351C23C4F3DA000FABC3 /* AnywhereFitnessUITests.swift in Sources */,
			);
			runOnlyForDeploymentPostprocessing = 0;
		};
/* End PBXSourcesBuildPhase section */

/* Begin PBXTargetDependency section */
		8577350E23C4F3DA000FABC3 /* PBXTargetDependency */ = {
			isa = PBXTargetDependency;
			target = 857734F223C4F3D7000FABC3 /* AnywhereFitness */;
			targetProxy = 8577350D23C4F3DA000FABC3 /* PBXContainerItemProxy */;
		};
		8577351923C4F3DA000FABC3 /* PBXTargetDependency */ = {
			isa = PBXTargetDependency;
			target = 857734F223C4F3D7000FABC3 /* AnywhereFitness */;
			targetProxy = 8577351823C4F3DA000FABC3 /* PBXContainerItemProxy */;
		};
/* End PBXTargetDependency section */

/* Begin PBXVariantGroup section */
		857734FC23C4F3D7000FABC3 /* Main.storyboard */ = {
			isa = PBXVariantGroup;
			children = (
				857734FD23C4F3D7000FABC3 /* Base */,
			);
			name = Main.storyboard;
			sourceTree = "<group>";
		};
		8577350423C4F3DA000FABC3 /* LaunchScreen.storyboard */ = {
			isa = PBXVariantGroup;
			children = (
				8577350523C4F3DA000FABC3 /* Base */,
			);
			name = LaunchScreen.storyboard;
			sourceTree = "<group>";
		};
/* End PBXVariantGroup section */

/* Begin XCBuildConfiguration section */
		8577351E23C4F3DA000FABC3 /* Debug */ = {
			isa = XCBuildConfiguration;
			buildSettings = {
				ALWAYS_SEARCH_USER_PATHS = NO;
				CLANG_ANALYZER_NONNULL = YES;
				CLANG_ANALYZER_NUMBER_OBJECT_CONVERSION = YES_AGGRESSIVE;
				CLANG_CXX_LANGUAGE_STANDARD = "gnu++14";
				CLANG_CXX_LIBRARY = "libc++";
				CLANG_ENABLE_MODULES = YES;
				CLANG_ENABLE_OBJC_ARC = YES;
				CLANG_ENABLE_OBJC_WEAK = YES;
				CLANG_WARN_BLOCK_CAPTURE_AUTORELEASING = YES;
				CLANG_WARN_BOOL_CONVERSION = YES;
				CLANG_WARN_COMMA = YES;
				CLANG_WARN_CONSTANT_CONVERSION = YES;
				CLANG_WARN_DEPRECATED_OBJC_IMPLEMENTATIONS = YES;
				CLANG_WARN_DIRECT_OBJC_ISA_USAGE = YES_ERROR;
				CLANG_WARN_DOCUMENTATION_COMMENTS = YES;
				CLANG_WARN_EMPTY_BODY = YES;
				CLANG_WARN_ENUM_CONVERSION = YES;
				CLANG_WARN_INFINITE_RECURSION = YES;
				CLANG_WARN_INT_CONVERSION = YES;
				CLANG_WARN_NON_LITERAL_NULL_CONVERSION = YES;
				CLANG_WARN_OBJC_IMPLICIT_RETAIN_SELF = YES;
				CLANG_WARN_OBJC_LITERAL_CONVERSION = YES;
				CLANG_WARN_OBJC_ROOT_CLASS = YES_ERROR;
				CLANG_WARN_RANGE_LOOP_ANALYSIS = YES;
				CLANG_WARN_STRICT_PROTOTYPES = YES;
				CLANG_WARN_SUSPICIOUS_MOVE = YES;
				CLANG_WARN_UNGUARDED_AVAILABILITY = YES_AGGRESSIVE;
				CLANG_WARN_UNREACHABLE_CODE = YES;
				CLANG_WARN__DUPLICATE_METHOD_MATCH = YES;
				COPY_PHASE_STRIP = NO;
				DEBUG_INFORMATION_FORMAT = dwarf;
				ENABLE_STRICT_OBJC_MSGSEND = YES;
				ENABLE_TESTABILITY = YES;
				GCC_C_LANGUAGE_STANDARD = gnu11;
				GCC_DYNAMIC_NO_PIC = NO;
				GCC_NO_COMMON_BLOCKS = YES;
				GCC_OPTIMIZATION_LEVEL = 0;
				GCC_PREPROCESSOR_DEFINITIONS = (
					"DEBUG=1",
					"$(inherited)",
				);
				GCC_WARN_64_TO_32_BIT_CONVERSION = YES;
				GCC_WARN_ABOUT_RETURN_TYPE = YES_ERROR;
				GCC_WARN_UNDECLARED_SELECTOR = YES;
				GCC_WARN_UNINITIALIZED_AUTOS = YES_AGGRESSIVE;
				GCC_WARN_UNUSED_FUNCTION = YES;
				GCC_WARN_UNUSED_VARIABLE = YES;
				IPHONEOS_DEPLOYMENT_TARGET = 13.2;
				MTL_ENABLE_DEBUG_INFO = INCLUDE_SOURCE;
				MTL_FAST_MATH = YES;
				ONLY_ACTIVE_ARCH = YES;
				SDKROOT = iphoneos;
				SWIFT_ACTIVE_COMPILATION_CONDITIONS = DEBUG;
				SWIFT_OPTIMIZATION_LEVEL = "-Onone";
			};
			name = Debug;
		};
		8577351F23C4F3DA000FABC3 /* Release */ = {
			isa = XCBuildConfiguration;
			buildSettings = {
				ALWAYS_SEARCH_USER_PATHS = NO;
				CLANG_ANALYZER_NONNULL = YES;
				CLANG_ANALYZER_NUMBER_OBJECT_CONVERSION = YES_AGGRESSIVE;
				CLANG_CXX_LANGUAGE_STANDARD = "gnu++14";
				CLANG_CXX_LIBRARY = "libc++";
				CLANG_ENABLE_MODULES = YES;
				CLANG_ENABLE_OBJC_ARC = YES;
				CLANG_ENABLE_OBJC_WEAK = YES;
				CLANG_WARN_BLOCK_CAPTURE_AUTORELEASING = YES;
				CLANG_WARN_BOOL_CONVERSION = YES;
				CLANG_WARN_COMMA = YES;
				CLANG_WARN_CONSTANT_CONVERSION = YES;
				CLANG_WARN_DEPRECATED_OBJC_IMPLEMENTATIONS = YES;
				CLANG_WARN_DIRECT_OBJC_ISA_USAGE = YES_ERROR;
				CLANG_WARN_DOCUMENTATION_COMMENTS = YES;
				CLANG_WARN_EMPTY_BODY = YES;
				CLANG_WARN_ENUM_CONVERSION = YES;
				CLANG_WARN_INFINITE_RECURSION = YES;
				CLANG_WARN_INT_CONVERSION = YES;
				CLANG_WARN_NON_LITERAL_NULL_CONVERSION = YES;
				CLANG_WARN_OBJC_IMPLICIT_RETAIN_SELF = YES;
				CLANG_WARN_OBJC_LITERAL_CONVERSION = YES;
				CLANG_WARN_OBJC_ROOT_CLASS = YES_ERROR;
				CLANG_WARN_RANGE_LOOP_ANALYSIS = YES;
				CLANG_WARN_STRICT_PROTOTYPES = YES;
				CLANG_WARN_SUSPICIOUS_MOVE = YES;
				CLANG_WARN_UNGUARDED_AVAILABILITY = YES_AGGRESSIVE;
				CLANG_WARN_UNREACHABLE_CODE = YES;
				CLANG_WARN__DUPLICATE_METHOD_MATCH = YES;
				COPY_PHASE_STRIP = NO;
				DEBUG_INFORMATION_FORMAT = "dwarf-with-dsym";
				ENABLE_NS_ASSERTIONS = NO;
				ENABLE_STRICT_OBJC_MSGSEND = YES;
				GCC_C_LANGUAGE_STANDARD = gnu11;
				GCC_NO_COMMON_BLOCKS = YES;
				GCC_WARN_64_TO_32_BIT_CONVERSION = YES;
				GCC_WARN_ABOUT_RETURN_TYPE = YES_ERROR;
				GCC_WARN_UNDECLARED_SELECTOR = YES;
				GCC_WARN_UNINITIALIZED_AUTOS = YES_AGGRESSIVE;
				GCC_WARN_UNUSED_FUNCTION = YES;
				GCC_WARN_UNUSED_VARIABLE = YES;
				IPHONEOS_DEPLOYMENT_TARGET = 13.2;
				MTL_ENABLE_DEBUG_INFO = NO;
				MTL_FAST_MATH = YES;
				SDKROOT = iphoneos;
				SWIFT_COMPILATION_MODE = wholemodule;
				SWIFT_OPTIMIZATION_LEVEL = "-O";
				VALIDATE_PRODUCT = YES;
			};
			name = Release;
		};
		8577352123C4F3DA000FABC3 /* Debug */ = {
			isa = XCBuildConfiguration;
			baseConfigurationReference = 7B5EE7E5B2130D38DB9CB973 /* Pods-AnywhereFitness.debug.xcconfig */;
			buildSettings = {
				ASSETCATALOG_COMPILER_APPICON_NAME = AppIcon;
				CODE_SIGN_STYLE = Automatic;
				DEVELOPMENT_TEAM = UF4PHTK7P6;
				INFOPLIST_FILE = AnywhereFitness/Info.plist;
				LD_RUNPATH_SEARCH_PATHS = (
					"$(inherited)",
					"@executable_path/Frameworks",
				);
				PRODUCT_BUNDLE_IDENTIFIER = com.AnywhereFitness;
				PRODUCT_NAME = "$(TARGET_NAME)";
				SWIFT_VERSION = 5.0;
				TARGETED_DEVICE_FAMILY = "1,2";
			};
			name = Debug;
		};
		8577352223C4F3DA000FABC3 /* Release */ = {
			isa = XCBuildConfiguration;
			baseConfigurationReference = 8A79E13AFD04A7556E76BE75 /* Pods-AnywhereFitness.release.xcconfig */;
			buildSettings = {
				ASSETCATALOG_COMPILER_APPICON_NAME = AppIcon;
				CODE_SIGN_STYLE = Automatic;
				DEVELOPMENT_TEAM = UF4PHTK7P6;
				INFOPLIST_FILE = AnywhereFitness/Info.plist;
				LD_RUNPATH_SEARCH_PATHS = (
					"$(inherited)",
					"@executable_path/Frameworks",
				);
				PRODUCT_BUNDLE_IDENTIFIER = com.AnywhereFitness;
				PRODUCT_NAME = "$(TARGET_NAME)";
				SWIFT_VERSION = 5.0;
				TARGETED_DEVICE_FAMILY = "1,2";
			};
			name = Release;
		};
		8577352423C4F3DA000FABC3 /* Debug */ = {
			isa = XCBuildConfiguration;
			baseConfigurationReference = 0F45596531DE0540BDAA3002 /* Pods-AnywhereFitnessTests.debug.xcconfig */;
			buildSettings = {
				ALWAYS_EMBED_SWIFT_STANDARD_LIBRARIES = YES;
				BUNDLE_LOADER = "$(TEST_HOST)";
				CODE_SIGN_STYLE = Automatic;
				DEVELOPMENT_TEAM = UF4PHTK7P6;
				INFOPLIST_FILE = AnywhereFitnessTests/Info.plist;
				IPHONEOS_DEPLOYMENT_TARGET = 13.2;
				LD_RUNPATH_SEARCH_PATHS = (
					"$(inherited)",
					"@executable_path/Frameworks",
					"@loader_path/Frameworks",
				);
				PRODUCT_BUNDLE_IDENTIFIER = com.AnywhereFitnessTests;
				PRODUCT_NAME = "$(TARGET_NAME)";
				SWIFT_VERSION = 5.0;
				TARGETED_DEVICE_FAMILY = "1,2";
				TEST_HOST = "$(BUILT_PRODUCTS_DIR)/AnywhereFitness.app/AnywhereFitness";
			};
			name = Debug;
		};
		8577352523C4F3DA000FABC3 /* Release */ = {
			isa = XCBuildConfiguration;
			baseConfigurationReference = 47482ACC72FA4CD1A13A0C3C /* Pods-AnywhereFitnessTests.release.xcconfig */;
			buildSettings = {
				ALWAYS_EMBED_SWIFT_STANDARD_LIBRARIES = YES;
				BUNDLE_LOADER = "$(TEST_HOST)";
				CODE_SIGN_STYLE = Automatic;
				DEVELOPMENT_TEAM = UF4PHTK7P6;
				INFOPLIST_FILE = AnywhereFitnessTests/Info.plist;
				IPHONEOS_DEPLOYMENT_TARGET = 13.2;
				LD_RUNPATH_SEARCH_PATHS = (
					"$(inherited)",
					"@executable_path/Frameworks",
					"@loader_path/Frameworks",
				);
				PRODUCT_BUNDLE_IDENTIFIER = com.AnywhereFitnessTests;
				PRODUCT_NAME = "$(TARGET_NAME)";
				SWIFT_VERSION = 5.0;
				TARGETED_DEVICE_FAMILY = "1,2";
				TEST_HOST = "$(BUILT_PRODUCTS_DIR)/AnywhereFitness.app/AnywhereFitness";
			};
			name = Release;
		};
		8577352723C4F3DA000FABC3 /* Debug */ = {
			isa = XCBuildConfiguration;
			baseConfigurationReference = 2B054F616F914950DB58BEA4 /* Pods-AnywhereFitness-AnywhereFitnessUITests.debug.xcconfig */;
			buildSettings = {
				ALWAYS_EMBED_SWIFT_STANDARD_LIBRARIES = YES;
				CODE_SIGN_STYLE = Automatic;
				DEVELOPMENT_TEAM = UF4PHTK7P6;
				INFOPLIST_FILE = AnywhereFitnessUITests/Info.plist;
				LD_RUNPATH_SEARCH_PATHS = (
					"$(inherited)",
					"@executable_path/Frameworks",
					"@loader_path/Frameworks",
				);
				PRODUCT_BUNDLE_IDENTIFIER = com.AnywhereFitnessUITests;
				PRODUCT_NAME = "$(TARGET_NAME)";
				SWIFT_VERSION = 5.0;
				TARGETED_DEVICE_FAMILY = "1,2";
				TEST_TARGET_NAME = AnywhereFitness;
			};
			name = Debug;
		};
		8577352823C4F3DA000FABC3 /* Release */ = {
			isa = XCBuildConfiguration;
			baseConfigurationReference = CC4D965CDA59AD6E088CFE1C /* Pods-AnywhereFitness-AnywhereFitnessUITests.release.xcconfig */;
			buildSettings = {
				ALWAYS_EMBED_SWIFT_STANDARD_LIBRARIES = YES;
				CODE_SIGN_STYLE = Automatic;
				DEVELOPMENT_TEAM = UF4PHTK7P6;
				INFOPLIST_FILE = AnywhereFitnessUITests/Info.plist;
				LD_RUNPATH_SEARCH_PATHS = (
					"$(inherited)",
					"@executable_path/Frameworks",
					"@loader_path/Frameworks",
				);
				PRODUCT_BUNDLE_IDENTIFIER = com.AnywhereFitnessUITests;
				PRODUCT_NAME = "$(TARGET_NAME)";
				SWIFT_VERSION = 5.0;
				TARGETED_DEVICE_FAMILY = "1,2";
				TEST_TARGET_NAME = AnywhereFitness;
			};
			name = Release;
		};
/* End XCBuildConfiguration section */

/* Begin XCConfigurationList section */
		857734EE23C4F3D7000FABC3 /* Build configuration list for PBXProject "AnywhereFitness" */ = {
			isa = XCConfigurationList;
			buildConfigurations = (
				8577351E23C4F3DA000FABC3 /* Debug */,
				8577351F23C4F3DA000FABC3 /* Release */,
			);
			defaultConfigurationIsVisible = 0;
			defaultConfigurationName = Release;
		};
		8577352023C4F3DA000FABC3 /* Build configuration list for PBXNativeTarget "AnywhereFitness" */ = {
			isa = XCConfigurationList;
			buildConfigurations = (
				8577352123C4F3DA000FABC3 /* Debug */,
				8577352223C4F3DA000FABC3 /* Release */,
			);
			defaultConfigurationIsVisible = 0;
			defaultConfigurationName = Release;
		};
		8577352323C4F3DA000FABC3 /* Build configuration list for PBXNativeTarget "AnywhereFitnessTests" */ = {
			isa = XCConfigurationList;
			buildConfigurations = (
				8577352423C4F3DA000FABC3 /* Debug */,
				8577352523C4F3DA000FABC3 /* Release */,
			);
			defaultConfigurationIsVisible = 0;
			defaultConfigurationName = Release;
		};
		8577352623C4F3DA000FABC3 /* Build configuration list for PBXNativeTarget "AnywhereFitnessUITests" */ = {
			isa = XCConfigurationList;
			buildConfigurations = (
				8577352723C4F3DA000FABC3 /* Debug */,
				8577352823C4F3DA000FABC3 /* Release */,
			);
			defaultConfigurationIsVisible = 0;
			defaultConfigurationName = Release;
		};
/* End XCConfigurationList section */

/* Begin XCVersionGroup section */
		857734FF23C4F3D7000FABC3 /* AnywhereFitness.xcdatamodeld */ = {
			isa = XCVersionGroup;
			children = (
				8577350023C4F3D7000FABC3 /* AnywhereFitness.xcdatamodel */,
			);
			currentVersion = 8577350023C4F3D7000FABC3 /* AnywhereFitness.xcdatamodel */;
			path = AnywhereFitness.xcdatamodeld;
			sourceTree = "<group>";
			versionGroupType = wrapper.xcdatamodel;
		};
/* End XCVersionGroup section */
	};
	rootObject = 857734EB23C4F3D7000FABC3 /* Project object */;
}
